
Microsoft Visual Studio Solution File, Format Version 12.00
# Visual Studio 15
VisualStudioVersion = 15.0.28307.960
MinimumVisualStudioVersion = 10.0.40219.1
Project("{FAE04EC0-301F-11D3-BF4B-00C04F79EFBC}") = "3", "3\3.csproj", "{ACFD2502-9713-44E6-98D4-5E8F7A2CA2B6}"
EndProject
Project("{FAE04EC0-301F-11D3-BF4B-00C04F79EFBC}") = "UnitTestProject1", "UnitTestProject1\UnitTestProject1.csproj", "{BFD23B53-F691-4508-8A9A-01167BD2C064}"
EndProject
Global
	GlobalSection(SolutionConfigurationPlatforms) = preSolution
		Debug|Any CPU = Debug|Any CPU
		Release|Any CPU = Release|Any CPU
	EndGlobalSection
	GlobalSection(ProjectConfigurationPlatforms) = postSolution
		{ACFD2502-9713-44E6-98D4-5E8F7A2CA2B6}.Debug|Any CPU.ActiveCfg = Debug|Any CPU
		{ACFD2502-9713-44E6-98D4-5E8F7A2CA2B6}.Debug|Any CPU.Build.0 = Debug|Any CPU
		{ACFD2502-9713-44E6-98D4-5E8F7A2CA2B6}.Release|Any CPU.ActiveCfg = Release|Any CPU
		{ACFD2502-9713-44E6-98D4-5E8F7A2CA2B6}.Release|Any CPU.Build.0 = Release|Any CPU
		{BFD23B53-F691-4508-8A9A-01167BD2C064}.Debug|Any CPU.ActiveCfg = Debug|Any CPU
		{BFD23B53-F691-4508-8A9A-01167BD2C064}.Debug|Any CPU.Build.0 = Debug|Any CPU
		{BFD23B53-F691-4508-8A9A-01167BD2C064}.Release|Any CPU.ActiveCfg = Release|Any CPU
		{BFD23B53-F691-4508-8A9A-01167BD2C064}.Release|Any CPU.Build.0 = Release|Any CPU
	EndGlobalSection
	GlobalSection(SolutionProperties) = preSolution
		HideSolutionNode = FALSE
	EndGlobalSection
	GlobalSection(ExtensibilityGlobals) = postSolution
		SolutionGuid = {D0E7B55B-E9B3-4BF1-BF48-EF86DCACBD43}
	EndGlobalSection
EndGlobal
